
Microsoft Visual Studio Solution File, Format Version 12.00
# Visual Studio Version 16
VisualStudioVersion = 16.0.31624.102
MinimumVisualStudioVersion = 10.0.40219.1
Project("{FAE04EC0-301F-11D3-BF4B-00C04F79EFBC}") = "Roomah", "Roomah\Roomah.csproj", "{304A6B9A-F588-4D92-B9F8-7ADE57D7073B}"
EndProject
Global
	GlobalSection(SolutionConfigurationPlatforms) = preSolution
		Debug|Any CPU = Debug|Any CPU
		Release|Any CPU = Release|Any CPU
	EndGlobalSection
	GlobalSection(ProjectConfigurationPlatforms) = postSolution
		{304A6B9A-F588-4D92-B9F8-7ADE57D7073B}.Debug|Any CPU.ActiveCfg = Debug|Any CPU
		{304A6B9A-F588-4D92-B9F8-7ADE57D7073B}.Debug|Any CPU.Build.0 = Debug|Any CPU
		{304A6B9A-F588-4D92-B9F8-7ADE57D7073B}.Release|Any CPU.ActiveCfg = Release|Any CPU
		{304A6B9A-F588-4D92-B9F8-7ADE57D7073B}.Release|Any CPU.Build.0 = Release|Any CPU
	EndGlobalSection
	GlobalSection(SolutionProperties) = preSolution
		HideSolutionNode = FALSE
	EndGlobalSection
	GlobalSection(ExtensibilityGlobals) = postSolution
		SolutionGuid = {DAF06240-AF99-4CFA-A99E-1F011F278A11}
	EndGlobalSection
EndGlobal
